
Microsoft Visual Studio Solution File, Format Version 12.00
# Visual Studio Version 17
VisualStudioVersion = 17.8.34309.116
MinimumVisualStudioVersion = 10.0.40219.1
Project("{FAE04EC0-301F-11D3-BF4B-00C04F79EFBC}") = "LeggyDialogLib", "LeggyDialogLib\LeggyDialogLib.csproj", "{7ABF684B-EAD5-4B85-834E-8A850A49A363}"
EndProject
Global
	GlobalSection(SolutionConfigurationPlatforms) = preSolution
		Debug|Any CPU = Debug|Any CPU
		Release|Any CPU = Release|Any CPU
	EndGlobalSection
	GlobalSection(ProjectConfigurationPlatforms) = postSolution
		{7ABF684B-EAD5-4B85-834E-8A850A49A363}.Debug|Any CPU.ActiveCfg = Debug|Any CPU
		{7ABF684B-EAD5-4B85-834E-8A850A49A363}.Debug|Any CPU.Build.0 = Debug|Any CPU
		{7ABF684B-EAD5-4B85-834E-8A850A49A363}.Release|Any CPU.ActiveCfg = Release|Any CPU
		{7ABF684B-EAD5-4B85-834E-8A850A49A363}.Release|Any CPU.Build.0 = Release|Any CPU
	EndGlobalSection
	GlobalSection(SolutionProperties) = preSolution
		HideSolutionNode = FALSE
	EndGlobalSection
	GlobalSection(ExtensibilityGlobals) = postSolution
		SolutionGuid = {0FF59C82-1738-416F-84D4-FBD081B9FF8E}
	EndGlobalSection
EndGlobal
